
Microsoft Visual Studio Solution File, Format Version 12.00
# Visual Studio Version 17
VisualStudioVersion = 17.5.33424.131
MinimumVisualStudioVersion = 10.0.40219.1
Project("{9A19103F-16F7-4668-BE54-9A1E7A4F7556}") = "AkbilYonetimiVeriKatmani", "AkbilYonetimiVeriKatmani\AkbilYonetimiVeriKatmani.csproj", "{4DFD7F88-3B3B-4F48-8598-11A42E2DA37C}"
EndProject
Project("{9A19103F-16F7-4668-BE54-9A1E7A4F7556}") = "AkbilYonetimiIsKatmani", "AkbilYonetimiIsKatmani\AkbilYonetimiIsKatmani.csproj", "{FD882C10-2550-468F-ADD5-C2F5B70FA76C}"
EndProject
Project("{9A19103F-16F7-4668-BE54-9A1E7A4F7556}") = "AkbilYonetimiUI", "AkbilYonetimiUI\AkbilYonetimiUI.csproj", "{669E35BB-8B23-4367-9402-F40C0BC2EE69}"
EndProject
Global
	GlobalSection(SolutionConfigurationPlatforms) = preSolution
		Debug|Any CPU = Debug|Any CPU
		Release|Any CPU = Release|Any CPU
	EndGlobalSection
	GlobalSection(ProjectConfigurationPlatforms) = postSolution
		{4DFD7F88-3B3B-4F48-8598-11A42E2DA37C}.Debug|Any CPU.ActiveCfg = Debug|Any CPU
		{4DFD7F88-3B3B-4F48-8598-11A42E2DA37C}.Debug|Any CPU.Build.0 = Debug|Any CPU
		{4DFD7F88-3B3B-4F48-8598-11A42E2DA37C}.Release|Any CPU.ActiveCfg = Release|Any CPU
		{4DFD7F88-3B3B-4F48-8598-11A42E2DA37C}.Release|Any CPU.Build.0 = Release|Any CPU
		{FD882C10-2550-468F-ADD5-C2F5B70FA76C}.Debug|Any CPU.ActiveCfg = Debug|Any CPU
		{FD882C10-2550-468F-ADD5-C2F5B70FA76C}.Debug|Any CPU.Build.0 = Debug|Any CPU
		{FD882C10-2550-468F-ADD5-C2F5B70FA76C}.Release|Any CPU.ActiveCfg = Release|Any CPU
		{FD882C10-2550-468F-ADD5-C2F5B70FA76C}.Release|Any CPU.Build.0 = Release|Any CPU
		{669E35BB-8B23-4367-9402-F40C0BC2EE69}.Debug|Any CPU.ActiveCfg = Debug|Any CPU
		{669E35BB-8B23-4367-9402-F40C0BC2EE69}.Debug|Any CPU.Build.0 = Debug|Any CPU
		{669E35BB-8B23-4367-9402-F40C0BC2EE69}.Release|Any CPU.ActiveCfg = Release|Any CPU
		{669E35BB-8B23-4367-9402-F40C0BC2EE69}.Release|Any CPU.Build.0 = Release|Any CPU
	EndGlobalSection
	GlobalSection(SolutionProperties) = preSolution
		HideSolutionNode = FALSE
	EndGlobalSection
	GlobalSection(ExtensibilityGlobals) = postSolution
		SolutionGuid = {43F67252-A0CE-4315-A13F-894CB8861FDD}
	EndGlobalSection
EndGlobal
